// !$*UTF8*$!
{
	archiveVersion = 1;
	classes = {
	};
	objectVersion = 51;
	objects = {

/* Begin PBXBuildFile section */
		07B6216A2437B1210A0DAAEA /* FeedsViewOutput.swift in Sources */ = {isa = PBXBuildFile; fileRef = 89D646828071EF099C8CEAFA /* FeedsViewOutput.swift */; };
		0C50230F468E3C74F6BCBC67 /* Pods_Eventer.framework in Frameworks */ = {isa = PBXBuildFile; fileRef = 9354182E68A9974C1692913B /* Pods_Eventer.framework */; };
		0E00FF3F24EC74C70031B567 /* SearchResultsView.swift in Sources */ = {isa = PBXBuildFile; fileRef = 0E00FF3C24EC74C60031B567 /* SearchResultsView.swift */; };
		0E00FF4024EC74C70031B567 /* SearchResultsViewController.swift in Sources */ = {isa = PBXBuildFile; fileRef = 0E00FF3D24EC74C70031B567 /* SearchResultsViewController.swift */; };
		0E00FF4124EC74C70031B567 /* SearchResultsNotFoundView.swift in Sources */ = {isa = PBXBuildFile; fileRef = 0E00FF3E24EC74C70031B567 /* SearchResultsNotFoundView.swift */; };
		0E00FF4424EC75480031B567 /* SearchResultCell.swift in Sources */ = {isa = PBXBuildFile; fileRef = 0E00FF4324EC75480031B567 /* SearchResultCell.swift */; };
		0E2C5B5B25003F9900318F0A /* FeedsRepresentingOutput.swift in Sources */ = {isa = PBXBuildFile; fileRef = 0E2C5B5A25003F9900318F0A /* FeedsRepresentingOutput.swift */; };
		0E2C5B5D250048D700318F0A /* FeedsSectionHeaderView.swift in Sources */ = {isa = PBXBuildFile; fileRef = 0E2C5B5C250048D700318F0A /* FeedsSectionHeaderView.swift */; };
		0E2D6C14249D002000CDB853 /* UIColor+.swift in Sources */ = {isa = PBXBuildFile; fileRef = 0E2D6C13249D002000CDB853 /* UIColor+.swift */; };
		0E2D6C16249D04B000CDB853 /* Assets.xcassets in Resources */ = {isa = PBXBuildFile; fileRef = 0E2D6C15249D04B000CDB853 /* Assets.xcassets */; };
		0E2D6C1A249D05D400CDB853 /* MapViewController.swift in Sources */ = {isa = PBXBuildFile; fileRef = 0E2D6C19249D05D400CDB853 /* MapViewController.swift */; };
		0E2D6C1C249D05FC00CDB853 /* AddEventViewController.swift in Sources */ = {isa = PBXBuildFile; fileRef = 0E2D6C1B249D05FC00CDB853 /* AddEventViewController.swift */; };
		0E2D6C1E249D066300CDB853 /* ProfileViewController.swift in Sources */ = {isa = PBXBuildFile; fileRef = 0E2D6C1D249D066300CDB853 /* ProfileViewController.swift */; };
		0E2D6C20249D072900CDB853 /* FavoritesViewController.swift in Sources */ = {isa = PBXBuildFile; fileRef = 0E2D6C1F249D072900CDB853 /* FavoritesViewController.swift */; };
		0E487CB924FEF4920092D815 /* EventType.swift in Sources */ = {isa = PBXBuildFile; fileRef = 0E487CB824FEF4920092D815 /* EventType.swift */; };
		0E5B508E249EB5FA0062D514 /* Event.swift in Sources */ = {isa = PBXBuildFile; fileRef = 0E5B508D249EB5FA0062D514 /* Event.swift */; };
		0E5B5091249EC08E0062D514 /* CustomDateFormatter.swift in Sources */ = {isa = PBXBuildFile; fileRef = 0E5B5090249EC08D0062D514 /* CustomDateFormatter.swift */; };
		0E7F5C9725002A1F00EBC444 /* GoogleService-Info.plist in Resources */ = {isa = PBXBuildFile; fileRef = 0E7F5C9625002A1F00EBC444 /* GoogleService-Info.plist */; };
		0E8F2F6E249D0D8400A72264 /* AppDelegate.swift in Sources */ = {isa = PBXBuildFile; fileRef = 0E8F2F6D249D0D8400A72264 /* AppDelegate.swift */; };
		0E8F2F70249D0D9300A72264 /* SceneDelegate.swift in Sources */ = {isa = PBXBuildFile; fileRef = 0E8F2F6F249D0D9300A72264 /* SceneDelegate.swift */; };
		0E8F2F72249D0DA700A72264 /* MainViewController.swift in Sources */ = {isa = PBXBuildFile; fileRef = 0E8F2F71249D0DA700A72264 /* MainViewController.swift */; };
		0E8F2F75249D0DD400A72264 /* LaunchScreen.storyboard in Resources */ = {isa = PBXBuildFile; fileRef = 0E8F2F73249D0DD400A72264 /* LaunchScreen.storyboard */; };
		0EA6A4A324ABCFD500606EC8 /* EventsLoader.swift in Sources */ = {isa = PBXBuildFile; fileRef = 0EA6A4A224ABCFD500606EC8 /* EventsLoader.swift */; };
		0EB713DF24C36F700003296E /* FeedsView.swift in Sources */ = {isa = PBXBuildFile; fileRef = 0EB713DE24C36F700003296E /* FeedsView.swift */; };
		0EC27CDD24CF3EB800088CAB /* VisitorsPreview.swift in Sources */ = {isa = PBXBuildFile; fileRef = 0EC27CDC24CF3EB800088CAB /* VisitorsPreview.swift */; };
		0EC27CDF24CF465900088CAB /* Visitors.swift in Sources */ = {isa = PBXBuildFile; fileRef = 0EC27CDE24CF465900088CAB /* Visitors.swift */; };
		0ED0C4E224C5F11D009681DB /* EventCardView.swift in Sources */ = {isa = PBXBuildFile; fileRef = 0ED0C4E124C5F11D009681DB /* EventCardView.swift */; };
		0ED0C4E424C5F148009681DB /* DateView.swift in Sources */ = {isa = PBXBuildFile; fileRef = 0ED0C4E324C5F148009681DB /* DateView.swift */; };
		0ED399F824E1B89800624639 /* TagsCell.swift in Sources */ = {isa = PBXBuildFile; fileRef = 0ED399F724E1B89800624639 /* TagsCell.swift */; };
		0ED399FC24E1B8BD00624639 /* EventListCell.swift in Sources */ = {isa = PBXBuildFile; fileRef = 0ED399FA24E1B8BD00624639 /* EventListCell.swift */; };
		0ED399FD24E1B8BD00624639 /* EventCollectionCell.swift in Sources */ = {isa = PBXBuildFile; fileRef = 0ED399FB24E1B8BD00624639 /* EventCollectionCell.swift */; };
		0ED399FF24E1B94000624639 /* Tags.swift in Sources */ = {isa = PBXBuildFile; fileRef = 0ED399FE24E1B94000624639 /* Tags.swift */; };
		0ED39A0124E1C06500624639 /* TagCollectionCell.swift in Sources */ = {isa = PBXBuildFile; fileRef = 0ED39A0024E1C06500624639 /* TagCollectionCell.swift */; };
		0ED39A0324E1C10E00624639 /* TagView.swift in Sources */ = {isa = PBXBuildFile; fileRef = 0ED39A0224E1C10E00624639 /* TagView.swift */; };
		13BE20C52E78BBD14DD693A2 /* EventDetailsRouterInput.swift in Sources */ = {isa = PBXBuildFile; fileRef = 70B368500CE734CC0E3E83DB /* EventDetailsRouterInput.swift */; };
		2317304654CCA60DE0AFBC44 /* EventDetailsInteractor.swift in Sources */ = {isa = PBXBuildFile; fileRef = 14FE9F79939DF76CAB416C1F /* EventDetailsInteractor.swift */; };
		34154B5AB952C93E19853ECD /* FeedsAssembly.swift in Sources */ = {isa = PBXBuildFile; fileRef = AFA4EDD05F8A1EE7F6BAD1B0 /* FeedsAssembly.swift */; };
		46F66EB9B04732770F0E4925 /* EventDetailsAssembly.swift in Sources */ = {isa = PBXBuildFile; fileRef = 24F71A9EF426C7578F5E1415 /* EventDetailsAssembly.swift */; };
		56A4C8BA3A75F95D4B86AC11 /* FeedsInteractor.swift in Sources */ = {isa = PBXBuildFile; fileRef = 2DD96A3E45B0712B5F187BFB /* FeedsInteractor.swift */; };
		5B7165F582BA46A043551C31 /* FeedsRouter.swift in Sources */ = {isa = PBXBuildFile; fileRef = 11FABE4DB8D2ABB73FECBE2F /* FeedsRouter.swift */; };
		5EE9AC605DA527A3785DA793 /* FeedsPresenter.swift in Sources */ = {isa = PBXBuildFile; fileRef = AA171492BDB92B76B2D75B48 /* FeedsPresenter.swift */; };
		67431E432FDE53CDE1B5559B /* EventDetailsViewController.swift in Sources */ = {isa = PBXBuildFile; fileRef = 4198A5984DDCCD8B125C3E34 /* EventDetailsViewController.swift */; };
		6CA6B32C6159D5D23653D89C /* EventDetailsViewInput.swift in Sources */ = {isa = PBXBuildFile; fileRef = EAF33EB7B0672366884997CF /* EventDetailsViewInput.swift */; };
		7DAEF04ECC81527337C14A6B /* FeedsInteractorOutput.swift in Sources */ = {isa = PBXBuildFile; fileRef = EAEA466D0F5182009F4DFF93 /* FeedsInteractorOutput.swift */; };
		7DCC9F968BD640565381ECD4 /* FeedsInteractorInput.swift in Sources */ = {isa = PBXBuildFile; fileRef = 0AA980D270428CD601D8FF38 /* FeedsInteractorInput.swift */; };
		8C51C95F39FA8B477F8BF732 /* EventDetailsRouter.swift in Sources */ = {isa = PBXBuildFile; fileRef = D03C46AB9586F2ABBC0105D6 /* EventDetailsRouter.swift */; };
		92EDA4079D0721ED25978EFE /* FeedsRouterInput.swift in Sources */ = {isa = PBXBuildFile; fileRef = D70919242716C306D8A69617 /* FeedsRouterInput.swift */; };
		A13BD06EC88DEB50A7D322D6 /* FeedsViewController.swift in Sources */ = {isa = PBXBuildFile; fileRef = 8F167BF1CF536270D9EB2EB4 /* FeedsViewController.swift */; };
		BA35FC568227029EF3EA1F57 /* EventDetailsInteractorOutput.swift in Sources */ = {isa = PBXBuildFile; fileRef = 0E7C0F631B59C698D71D8F11 /* EventDetailsInteractorOutput.swift */; };
		D0E4E1C6C3361A78E3B61667 /* EventDetailsPresenter.swift in Sources */ = {isa = PBXBuildFile; fileRef = ABB7D1097097819BC81BB6E3 /* EventDetailsPresenter.swift */; };
		DD8B79DD33E5DBA5B3B6F439 /* EventDetailsInteractorInput.swift in Sources */ = {isa = PBXBuildFile; fileRef = 33FF766677657A7248B06DD3 /* EventDetailsInteractorInput.swift */; };
		DE010FEE8CE25409422F322E /* FeedsViewInput.swift in Sources */ = {isa = PBXBuildFile; fileRef = 928D3BE033655F3559F48D76 /* FeedsViewInput.swift */; };
		ECEFAF41F05EBEEB974D755A /* EventDetailsViewOutput.swift in Sources */ = {isa = PBXBuildFile; fileRef = E5DC132C7870A3A776454ACE /* EventDetailsViewOutput.swift */; };
/* End PBXBuildFile section */

/* Begin PBXFileReference section */
		0AA980D270428CD601D8FF38 /* FeedsInteractorInput.swift */ = {isa = PBXFileReference; includeInIndex = 1; lastKnownFileType = sourcecode.swift; path = FeedsInteractorInput.swift; sourceTree = "<group>"; };
		0E00FF3C24EC74C60031B567 /* SearchResultsView.swift */ = {isa = PBXFileReference; fileEncoding = 4; lastKnownFileType = sourcecode.swift; path = SearchResultsView.swift; sourceTree = "<group>"; };
		0E00FF3D24EC74C70031B567 /* SearchResultsViewController.swift */ = {isa = PBXFileReference; fileEncoding = 4; lastKnownFileType = sourcecode.swift; path = SearchResultsViewController.swift; sourceTree = "<group>"; };
		0E00FF3E24EC74C70031B567 /* SearchResultsNotFoundView.swift */ = {isa = PBXFileReference; fileEncoding = 4; lastKnownFileType = sourcecode.swift; path = SearchResultsNotFoundView.swift; sourceTree = "<group>"; };
		0E00FF4324EC75480031B567 /* SearchResultCell.swift */ = {isa = PBXFileReference; fileEncoding = 4; lastKnownFileType = sourcecode.swift; path = SearchResultCell.swift; sourceTree = "<group>"; };
		0E012064249185DF001C71FE /* Eventer.app */ = {isa = PBXFileReference; explicitFileType = wrapper.application; includeInIndex = 0; path = Eventer.app; sourceTree = BUILT_PRODUCTS_DIR; };
		0E2C5B5A25003F9900318F0A /* FeedsRepresentingOutput.swift */ = {isa = PBXFileReference; lastKnownFileType = sourcecode.swift; path = FeedsRepresentingOutput.swift; sourceTree = "<group>"; };
		0E2C5B5C250048D700318F0A /* FeedsSectionHeaderView.swift */ = {isa = PBXFileReference; lastKnownFileType = sourcecode.swift; path = FeedsSectionHeaderView.swift; sourceTree = "<group>"; };
		0E2D6C13249D002000CDB853 /* UIColor+.swift */ = {isa = PBXFileReference; lastKnownFileType = sourcecode.swift; path = "UIColor+.swift"; sourceTree = "<group>"; };
		0E2D6C15249D04B000CDB853 /* Assets.xcassets */ = {isa = PBXFileReference; lastKnownFileType = folder.assetcatalog; path = Assets.xcassets; sourceTree = "<group>"; };
		0E2D6C19249D05D400CDB853 /* MapViewController.swift */ = {isa = PBXFileReference; lastKnownFileType = sourcecode.swift; path = MapViewController.swift; sourceTree = "<group>"; };
		0E2D6C1B249D05FC00CDB853 /* AddEventViewController.swift */ = {isa = PBXFileReference; lastKnownFileType = sourcecode.swift; path = AddEventViewController.swift; sourceTree = "<group>"; };
		0E2D6C1D249D066300CDB853 /* ProfileViewController.swift */ = {isa = PBXFileReference; lastKnownFileType = sourcecode.swift; path = ProfileViewController.swift; sourceTree = "<group>"; };
		0E2D6C1F249D072900CDB853 /* FavoritesViewController.swift */ = {isa = PBXFileReference; lastKnownFileType = sourcecode.swift; path = FavoritesViewController.swift; sourceTree = "<group>"; };
		0E2D6C23249D0BF200CDB853 /* Info.plist */ = {isa = PBXFileReference; fileEncoding = 4; lastKnownFileType = text.plist.xml; path = Info.plist; sourceTree = "<group>"; };
		0E487CB824FEF4920092D815 /* EventType.swift */ = {isa = PBXFileReference; fileEncoding = 4; lastKnownFileType = sourcecode.swift; path = EventType.swift; sourceTree = "<group>"; };
		0E5B508D249EB5FA0062D514 /* Event.swift */ = {isa = PBXFileReference; lastKnownFileType = sourcecode.swift; path = Event.swift; sourceTree = "<group>"; };
		0E5B5090249EC08D0062D514 /* CustomDateFormatter.swift */ = {isa = PBXFileReference; lastKnownFileType = sourcecode.swift; path = CustomDateFormatter.swift; sourceTree = "<group>"; };
		0E7C0F631B59C698D71D8F11 /* EventDetailsInteractorOutput.swift */ = {isa = PBXFileReference; includeInIndex = 1; lastKnownFileType = sourcecode.swift; path = EventDetailsInteractorOutput.swift; sourceTree = "<group>"; };
		0E7F5C9625002A1F00EBC444 /* GoogleService-Info.plist */ = {isa = PBXFileReference; fileEncoding = 4; lastKnownFileType = text.plist.xml; name = "GoogleService-Info.plist"; path = "../../../../Downloads/GoogleService-Info.plist"; sourceTree = "<group>"; };
		0E8F2F6D249D0D8400A72264 /* AppDelegate.swift */ = {isa = PBXFileReference; fileEncoding = 4; lastKnownFileType = sourcecode.swift; path = AppDelegate.swift; sourceTree = "<group>"; };
		0E8F2F6F249D0D9300A72264 /* SceneDelegate.swift */ = {isa = PBXFileReference; fileEncoding = 4; lastKnownFileType = sourcecode.swift; path = SceneDelegate.swift; sourceTree = "<group>"; };
		0E8F2F71249D0DA700A72264 /* MainViewController.swift */ = {isa = PBXFileReference; fileEncoding = 4; lastKnownFileType = sourcecode.swift; path = MainViewController.swift; sourceTree = "<group>"; };
		0E8F2F74249D0DD400A72264 /* Base */ = {isa = PBXFileReference; lastKnownFileType = file.storyboard; name = Base; path = Base.lproj/LaunchScreen.storyboard; sourceTree = "<group>"; };
		0E9756A9249D51FE0061E63F /* ru */ = {isa = PBXFileReference; lastKnownFileType = text.plist.strings; name = ru; path = ru.lproj/LaunchScreen.strings; sourceTree = "<group>"; };
		0EA6A4A224ABCFD500606EC8 /* EventsLoader.swift */ = {isa = PBXFileReference; lastKnownFileType = sourcecode.swift; path = EventsLoader.swift; sourceTree = "<group>"; };
		0EB713DE24C36F700003296E /* FeedsView.swift */ = {isa = PBXFileReference; lastKnownFileType = sourcecode.swift; path = FeedsView.swift; sourceTree = "<group>"; };
		0EC27CDC24CF3EB800088CAB /* VisitorsPreview.swift */ = {isa = PBXFileReference; lastKnownFileType = sourcecode.swift; path = VisitorsPreview.swift; sourceTree = "<group>"; };
		0EC27CDE24CF465900088CAB /* Visitors.swift */ = {isa = PBXFileReference; lastKnownFileType = sourcecode.swift; path = Visitors.swift; sourceTree = "<group>"; };
		0ED0C4E124C5F11D009681DB /* EventCardView.swift */ = {isa = PBXFileReference; lastKnownFileType = sourcecode.swift; path = EventCardView.swift; sourceTree = "<group>"; };
		0ED0C4E324C5F148009681DB /* DateView.swift */ = {isa = PBXFileReference; fileEncoding = 4; lastKnownFileType = sourcecode.swift; path = DateView.swift; sourceTree = "<group>"; };
		0ED399F724E1B89800624639 /* TagsCell.swift */ = {isa = PBXFileReference; fileEncoding = 4; lastKnownFileType = sourcecode.swift; path = TagsCell.swift; sourceTree = "<group>"; };
		0ED399FA24E1B8BD00624639 /* EventListCell.swift */ = {isa = PBXFileReference; fileEncoding = 4; lastKnownFileType = sourcecode.swift; path = EventListCell.swift; sourceTree = "<group>"; };
		0ED399FB24E1B8BD00624639 /* EventCollectionCell.swift */ = {isa = PBXFileReference; fileEncoding = 4; lastKnownFileType = sourcecode.swift; path = EventCollectionCell.swift; sourceTree = "<group>"; };
		0ED399FE24E1B94000624639 /* Tags.swift */ = {isa = PBXFileReference; lastKnownFileType = sourcecode.swift; path = Tags.swift; sourceTree = "<group>"; };
		0ED39A0024E1C06500624639 /* TagCollectionCell.swift */ = {isa = PBXFileReference; lastKnownFileType = sourcecode.swift; path = TagCollectionCell.swift; sourceTree = "<group>"; };
		0ED39A0224E1C10E00624639 /* TagView.swift */ = {isa = PBXFileReference; lastKnownFileType = sourcecode.swift; path = TagView.swift; sourceTree = "<group>"; };
		11FABE4DB8D2ABB73FECBE2F /* FeedsRouter.swift */ = {isa = PBXFileReference; includeInIndex = 1; lastKnownFileType = sourcecode.swift; path = FeedsRouter.swift; sourceTree = "<group>"; };
		14FE9F79939DF76CAB416C1F /* EventDetailsInteractor.swift */ = {isa = PBXFileReference; includeInIndex = 1; lastKnownFileType = sourcecode.swift; path = EventDetailsInteractor.swift; sourceTree = "<group>"; };
		24F71A9EF426C7578F5E1415 /* EventDetailsAssembly.swift */ = {isa = PBXFileReference; includeInIndex = 1; lastKnownFileType = sourcecode.swift; path = EventDetailsAssembly.swift; sourceTree = "<group>"; };
		2DD96A3E45B0712B5F187BFB /* FeedsInteractor.swift */ = {isa = PBXFileReference; includeInIndex = 1; lastKnownFileType = sourcecode.swift; path = FeedsInteractor.swift; sourceTree = "<group>"; };
		33FF766677657A7248B06DD3 /* EventDetailsInteractorInput.swift */ = {isa = PBXFileReference; includeInIndex = 1; lastKnownFileType = sourcecode.swift; path = EventDetailsInteractorInput.swift; sourceTree = "<group>"; };
		3F5B7DEE4B32CC085ABB4EFE /* Pods-Eventer.debug.xcconfig */ = {isa = PBXFileReference; includeInIndex = 1; lastKnownFileType = text.xcconfig; name = "Pods-Eventer.debug.xcconfig"; path = "Target Support Files/Pods-Eventer/Pods-Eventer.debug.xcconfig"; sourceTree = "<group>"; };
		4198A5984DDCCD8B125C3E34 /* EventDetailsViewController.swift */ = {isa = PBXFileReference; includeInIndex = 1; lastKnownFileType = sourcecode.swift; path = EventDetailsViewController.swift; sourceTree = "<group>"; };
		70B368500CE734CC0E3E83DB /* EventDetailsRouterInput.swift */ = {isa = PBXFileReference; includeInIndex = 1; lastKnownFileType = sourcecode.swift; path = EventDetailsRouterInput.swift; sourceTree = "<group>"; };
		8116858B2BE06C1B67737E45 /* Pods-Eventer.release.xcconfig */ = {isa = PBXFileReference; includeInIndex = 1; lastKnownFileType = text.xcconfig; name = "Pods-Eventer.release.xcconfig"; path = "Target Support Files/Pods-Eventer/Pods-Eventer.release.xcconfig"; sourceTree = "<group>"; };
		89D646828071EF099C8CEAFA /* FeedsViewOutput.swift */ = {isa = PBXFileReference; includeInIndex = 1; lastKnownFileType = sourcecode.swift; path = FeedsViewOutput.swift; sourceTree = "<group>"; };
		8F167BF1CF536270D9EB2EB4 /* FeedsViewController.swift */ = {isa = PBXFileReference; includeInIndex = 1; lastKnownFileType = sourcecode.swift; path = FeedsViewController.swift; sourceTree = "<group>"; };
		928D3BE033655F3559F48D76 /* FeedsViewInput.swift */ = {isa = PBXFileReference; includeInIndex = 1; lastKnownFileType = sourcecode.swift; path = FeedsViewInput.swift; sourceTree = "<group>"; };
		9354182E68A9974C1692913B /* Pods_Eventer.framework */ = {isa = PBXFileReference; explicitFileType = wrapper.framework; includeInIndex = 0; path = Pods_Eventer.framework; sourceTree = BUILT_PRODUCTS_DIR; };
		AA171492BDB92B76B2D75B48 /* FeedsPresenter.swift */ = {isa = PBXFileReference; includeInIndex = 1; lastKnownFileType = sourcecode.swift; path = FeedsPresenter.swift; sourceTree = "<group>"; };
		ABB7D1097097819BC81BB6E3 /* EventDetailsPresenter.swift */ = {isa = PBXFileReference; includeInIndex = 1; lastKnownFileType = sourcecode.swift; path = EventDetailsPresenter.swift; sourceTree = "<group>"; };
		AFA4EDD05F8A1EE7F6BAD1B0 /* FeedsAssembly.swift */ = {isa = PBXFileReference; includeInIndex = 1; lastKnownFileType = sourcecode.swift; path = FeedsAssembly.swift; sourceTree = "<group>"; };
		D03C46AB9586F2ABBC0105D6 /* EventDetailsRouter.swift */ = {isa = PBXFileReference; includeInIndex = 1; lastKnownFileType = sourcecode.swift; path = EventDetailsRouter.swift; sourceTree = "<group>"; };
		D70919242716C306D8A69617 /* FeedsRouterInput.swift */ = {isa = PBXFileReference; includeInIndex = 1; lastKnownFileType = sourcecode.swift; path = FeedsRouterInput.swift; sourceTree = "<group>"; };
		E5DC132C7870A3A776454ACE /* EventDetailsViewOutput.swift */ = {isa = PBXFileReference; includeInIndex = 1; lastKnownFileType = sourcecode.swift; path = EventDetailsViewOutput.swift; sourceTree = "<group>"; };
		EAEA466D0F5182009F4DFF93 /* FeedsInteractorOutput.swift */ = {isa = PBXFileReference; includeInIndex = 1; lastKnownFileType = sourcecode.swift; path = FeedsInteractorOutput.swift; sourceTree = "<group>"; };
		EAF33EB7B0672366884997CF /* EventDetailsViewInput.swift */ = {isa = PBXFileReference; includeInIndex = 1; lastKnownFileType = sourcecode.swift; path = EventDetailsViewInput.swift; sourceTree = "<group>"; };
/* End PBXFileReference section */

/* Begin PBXFrameworksBuildPhase section */
		0E012061249185DF001C71FE /* Frameworks */ = {
			isa = PBXFrameworksBuildPhase;
			buildActionMask = 2147483647;
			files = (
				0C50230F468E3C74F6BCBC67 /* Pods_Eventer.framework in Frameworks */,
			);
			runOnlyForDeploymentPostprocessing = 0;
		};
/* End PBXFrameworksBuildPhase section */

/* Begin PBXGroup section */
		0069FBF22FA8FE5EECFAEE83 /* Router */ = {
			isa = PBXGroup;
			children = (
				70B368500CE734CC0E3E83DB /* EventDetailsRouterInput.swift */,
				D03C46AB9586F2ABBC0105D6 /* EventDetailsRouter.swift */,
			);
			path = Router;
			sourceTree = "<group>";
		};
		0E00FF3B24EC74830031B567 /* SearchResults */ = {
			isa = PBXGroup;
			children = (
				0E00FF4224EC752A0031B567 /* Subviews */,
				0E00FF3E24EC74C70031B567 /* SearchResultsNotFoundView.swift */,
				0E00FF3C24EC74C60031B567 /* SearchResultsView.swift */,
				0E00FF3D24EC74C70031B567 /* SearchResultsViewController.swift */,
			);
			path = SearchResults;
			sourceTree = "<group>";
		};
		0E00FF4224EC752A0031B567 /* Subviews */ = {
			isa = PBXGroup;
			children = (
				0E00FF4324EC75480031B567 /* SearchResultCell.swift */,
			);
			path = Subviews;
			sourceTree = "<group>";
		};
		0E01205B249185DF001C71FE = {
			isa = PBXGroup;
			children = (
				0E012066249185DF001C71FE /* Eventer */,
				0E012065249185DF001C71FE /* Products */,
				B82F4C93396925175270B9FA /* Pods */,
				DBA478BB046E8DE0D8E61E0E /* Frameworks */,
			);
			sourceTree = "<group>";
		};
		0E012065249185DF001C71FE /* Products */ = {
			isa = PBXGroup;
			children = (
				0E012064249185DF001C71FE /* Eventer.app */,
			);
			name = Products;
			sourceTree = "<group>";
		};
		0E012066249185DF001C71FE /* Eventer */ = {
			isa = PBXGroup;
			children = (
				0E5B508F249EC0720062D514 /* Utils */,
				0E2D6C15249D04B000CDB853 /* Assets.xcassets */,
				0E2D6C10249CFF5C00CDB853 /* PresentationLayer */,
				0E2D6C0F249CFF5100CDB853 /* ModelLayer */,
				0E2D6C0E249CFF0500CDB853 /* Application */,
			);
			path = Eventer;
			sourceTree = "<group>";
		};
		0E2D6C0E249CFF0500CDB853 /* Application */ = {
			isa = PBXGroup;
			children = (
				0E8F2F73249D0DD400A72264 /* LaunchScreen.storyboard */,
				0E8F2F6F249D0D9300A72264 /* SceneDelegate.swift */,
				0E8F2F6D249D0D8400A72264 /* AppDelegate.swift */,
				0E2D6C23249D0BF200CDB853 /* Info.plist */,
				0E7F5C9625002A1F00EBC444 /* GoogleService-Info.plist */,
			);
			path = Application;
			sourceTree = "<group>";
		};
		0E2D6C0F249CFF5100CDB853 /* ModelLayer */ = {
			isa = PBXGroup;
			children = (
				0E9756A7249D4DB30061E63F /* BusinessLogic */,
				0E9756A8249D4DBB0061E63F /* Entities */,
			);
			path = ModelLayer;
			sourceTree = "<group>";
		};
		0E2D6C10249CFF5C00CDB853 /* PresentationLayer */ = {
			isa = PBXGroup;
			children = (
				0E97569F249D4AFA0061E63F /* UserStories */,
				0E2D6C11249CFF9900CDB853 /* Common */,
			);
			path = PresentationLayer;
			sourceTree = "<group>";
		};
		0E2D6C11249CFF9900CDB853 /* Common */ = {
			isa = PBXGroup;
			children = (
				0ED0C4E024C5F0FB009681DB /* EventCard */,
				0E2D6C12249CFFA800CDB853 /* Constants */,
			);
			path = Common;
			sourceTree = "<group>";
		};
		0E2D6C12249CFFA800CDB853 /* Constants */ = {
			isa = PBXGroup;
			children = (
				0E2D6C13249D002000CDB853 /* UIColor+.swift */,
				0ED399FE24E1B94000624639 /* Tags.swift */,
			);
			path = Constants;
			sourceTree = "<group>";
		};
		0E5B508F249EC0720062D514 /* Utils */ = {
			isa = PBXGroup;
			children = (
				0E5B5090249EC08D0062D514 /* CustomDateFormatter.swift */,
			);
			path = Utils;
			sourceTree = "<group>";
		};
		0E97569F249D4AFA0061E63F /* UserStories */ = {
			isa = PBXGroup;
			children = (
				0E9756A6249D4C170061E63F /* AddEvent */,
				0E9756A4249D4B3A0061E63F /* Favorites */,
				0E9756A3249D4B300061E63F /* Profile */,
				0E9756A2249D4B270061E63F /* Map */,
				0E9756A0249D4B190061E63F /* Main */,
				5F599402958FB8693084B12B /* Feeds */,
				594FD2880811AF40256D8B21 /* EventDetails */,
			);
			path = UserStories;
			sourceTree = "<group>";
		};
		0E9756A0249D4B190061E63F /* Main */ = {
			isa = PBXGroup;
			children = (
				0E8F2F71249D0DA700A72264 /* MainViewController.swift */,
			);
			path = Main;
			sourceTree = "<group>";
		};
		0E9756A2249D4B270061E63F /* Map */ = {
			isa = PBXGroup;
			children = (
				0E2D6C19249D05D400CDB853 /* MapViewController.swift */,
			);
			path = Map;
			sourceTree = "<group>";
		};
		0E9756A3249D4B300061E63F /* Profile */ = {
			isa = PBXGroup;
			children = (
				0E2D6C1D249D066300CDB853 /* ProfileViewController.swift */,
			);
			path = Profile;
			sourceTree = "<group>";
		};
		0E9756A4249D4B3A0061E63F /* Favorites */ = {
			isa = PBXGroup;
			children = (
				0E2D6C1F249D072900CDB853 /* FavoritesViewController.swift */,
			);
			path = Favorites;
			sourceTree = "<group>";
		};
		0E9756A6249D4C170061E63F /* AddEvent */ = {
			isa = PBXGroup;
			children = (
				0E2D6C1B249D05FC00CDB853 /* AddEventViewController.swift */,
			);
			path = AddEvent;
			sourceTree = "<group>";
		};
		0E9756A7249D4DB30061E63F /* BusinessLogic */ = {
			isa = PBXGroup;
			children = (
				0EA6A4A124ABCF9700606EC8 /* EventsDataSource */,
			);
			path = BusinessLogic;
			sourceTree = "<group>";
		};
		0E9756A8249D4DBB0061E63F /* Entities */ = {
			isa = PBXGroup;
			children = (
				0E5B508D249EB5FA0062D514 /* Event.swift */,
				0EC27CDE24CF465900088CAB /* Visitors.swift */,
			);
			path = Entities;
			sourceTree = "<group>";
		};
		0EA6A4A124ABCF9700606EC8 /* EventsDataSource */ = {
			isa = PBXGroup;
			children = (
				0E487CB824FEF4920092D815 /* EventType.swift */,
				0EA6A4A224ABCFD500606EC8 /* EventsLoader.swift */,
			);
			path = EventsDataSource;
			sourceTree = "<group>";
		};
		0EB713E024C36F8F0003296E /* Subviews */ = {
			isa = PBXGroup;
			children = (
				0E2C5B5C250048D700318F0A /* FeedsSectionHeaderView.swift */,
				0ED399F924E1B8A100624639 /* Events */,
				0ED399F624E1B88400624639 /* Tags */,
			);
			path = Subviews;
			sourceTree = "<group>";
		};
		0ED0C4E024C5F0FB009681DB /* EventCard */ = {
			isa = PBXGroup;
			children = (
				0ED0C4E324C5F148009681DB /* DateView.swift */,
				0ED0C4E124C5F11D009681DB /* EventCardView.swift */,
				0EC27CDC24CF3EB800088CAB /* VisitorsPreview.swift */,
			);
			path = EventCard;
			sourceTree = "<group>";
		};
		0ED399F624E1B88400624639 /* Tags */ = {
			isa = PBXGroup;
			children = (
				0ED39A0024E1C06500624639 /* TagCollectionCell.swift */,
				0ED399F724E1B89800624639 /* TagsCell.swift */,
				0ED39A0224E1C10E00624639 /* TagView.swift */,
			);
			path = Tags;
			sourceTree = "<group>";
		};
		0ED399F924E1B8A100624639 /* Events */ = {
			isa = PBXGroup;
			children = (
				0ED399FB24E1B8BD00624639 /* EventCollectionCell.swift */,
				0ED399FA24E1B8BD00624639 /* EventListCell.swift */,
			);
			path = Events;
			sourceTree = "<group>";
		};
		2B06520E49A4F855A51CD89C /* Router */ = {
			isa = PBXGroup;
			children = (
				D70919242716C306D8A69617 /* FeedsRouterInput.swift */,
				11FABE4DB8D2ABB73FECBE2F /* FeedsRouter.swift */,
			);
			path = Router;
			sourceTree = "<group>";
		};
		5234A92D0F44813E63156024 /* Presenter */ = {
			isa = PBXGroup;
			children = (
				AA171492BDB92B76B2D75B48 /* FeedsPresenter.swift */,
			);
			path = Presenter;
			sourceTree = "<group>";
		};
		594FD2880811AF40256D8B21 /* EventDetails */ = {
			isa = PBXGroup;
			children = (
				E026234B61299A1FD532B9CE /* View */,
				982550B5E92B8AABDA9C7626 /* Presenter */,
				707655742CD63F8F4A60BFAF /* Interactor */,
				0069FBF22FA8FE5EECFAEE83 /* Router */,
				6860B5A114B282E6D5A31A4C /* Assembly */,
			);
			path = EventDetails;
			sourceTree = "<group>";
		};
		5C84AD21BBA6BE30981FDD51 /* Interactor */ = {
			isa = PBXGroup;
			children = (
				0AA980D270428CD601D8FF38 /* FeedsInteractorInput.swift */,
				EAEA466D0F5182009F4DFF93 /* FeedsInteractorOutput.swift */,
				2DD96A3E45B0712B5F187BFB /* FeedsInteractor.swift */,
			);
			path = Interactor;
			sourceTree = "<group>";
		};
		5F599402958FB8693084B12B /* Feeds */ = {
			isa = PBXGroup;
			children = (
				F419035B844E1EF24563978E /* View */,
				5234A92D0F44813E63156024 /* Presenter */,
				5C84AD21BBA6BE30981FDD51 /* Interactor */,
				2B06520E49A4F855A51CD89C /* Router */,
				F3B5AB18DB8D0B3C33C07EED /* Assembly */,
			);
			path = Feeds;
			sourceTree = "<group>";
		};
		6860B5A114B282E6D5A31A4C /* Assembly */ = {
			isa = PBXGroup;
			children = (
				24F71A9EF426C7578F5E1415 /* EventDetailsAssembly.swift */,
			);
			path = Assembly;
			sourceTree = "<group>";
		};
		707655742CD63F8F4A60BFAF /* Interactor */ = {
			isa = PBXGroup;
			children = (
				33FF766677657A7248B06DD3 /* EventDetailsInteractorInput.swift */,
				0E7C0F631B59C698D71D8F11 /* EventDetailsInteractorOutput.swift */,
				14FE9F79939DF76CAB416C1F /* EventDetailsInteractor.swift */,
			);
			path = Interactor;
			sourceTree = "<group>";
		};
		982550B5E92B8AABDA9C7626 /* Presenter */ = {
			isa = PBXGroup;
			children = (
				ABB7D1097097819BC81BB6E3 /* EventDetailsPresenter.swift */,
			);
			path = Presenter;
			sourceTree = "<group>";
		};
		B82F4C93396925175270B9FA /* Pods */ = {
			isa = PBXGroup;
			children = (
				3F5B7DEE4B32CC085ABB4EFE /* Pods-Eventer.debug.xcconfig */,
				8116858B2BE06C1B67737E45 /* Pods-Eventer.release.xcconfig */,
			);
			path = Pods;
			sourceTree = "<group>";
		};
		DBA478BB046E8DE0D8E61E0E /* Frameworks */ = {
			isa = PBXGroup;
			children = (
				9354182E68A9974C1692913B /* Pods_Eventer.framework */,
			);
			name = Frameworks;
			sourceTree = "<group>";
		};
		E026234B61299A1FD532B9CE /* View */ = {
			isa = PBXGroup;
			children = (
				EAF33EB7B0672366884997CF /* EventDetailsViewInput.swift */,
				E5DC132C7870A3A776454ACE /* EventDetailsViewOutput.swift */,
				4198A5984DDCCD8B125C3E34 /* EventDetailsViewController.swift */,
			);
			path = View;
			sourceTree = "<group>";
		};
		F3B5AB18DB8D0B3C33C07EED /* Assembly */ = {
			isa = PBXGroup;
			children = (
				AFA4EDD05F8A1EE7F6BAD1B0 /* FeedsAssembly.swift */,
			);
			path = Assembly;
			sourceTree = "<group>";
		};
		F419035B844E1EF24563978E /* View */ = {
			isa = PBXGroup;
			children = (
				0E00FF3B24EC74830031B567 /* SearchResults */,
				0EB713E024C36F8F0003296E /* Subviews */,
				928D3BE033655F3559F48D76 /* FeedsViewInput.swift */,
				89D646828071EF099C8CEAFA /* FeedsViewOutput.swift */,
				8F167BF1CF536270D9EB2EB4 /* FeedsViewController.swift */,
				0EB713DE24C36F700003296E /* FeedsView.swift */,
				0E2C5B5A25003F9900318F0A /* FeedsRepresentingOutput.swift */,
			);
			path = View;
			sourceTree = "<group>";
		};
/* End PBXGroup section */

/* Begin PBXNativeTarget section */
		0E012063249185DF001C71FE /* Eventer */ = {
			isa = PBXNativeTarget;
			buildConfigurationList = 0E012078249185E0001C71FE /* Build configuration list for PBXNativeTarget "Eventer" */;
			buildPhases = (
				E6DBE0731D99A2DA990195FE /* [CP] Check Pods Manifest.lock */,
				0E012060249185DF001C71FE /* Sources */,
				0E012061249185DF001C71FE /* Frameworks */,
				0E012062249185DF001C71FE /* Resources */,
				073330DED326549F43C15ADA /* [CP] Embed Pods Frameworks */,
			);
			buildRules = (
			);
			dependencies = (
			);
			name = Eventer;
			productName = Eventer;
			productReference = 0E012064249185DF001C71FE /* Eventer.app */;
			productType = "com.apple.product-type.application";
		};
/* End PBXNativeTarget section */

/* Begin PBXProject section */
		0E01205C249185DF001C71FE /* Project object */ = {
			isa = PBXProject;
			attributes = {
				LastSwiftUpdateCheck = 1140;
				LastUpgradeCheck = 1140;
				ORGANIZATIONNAME = "Мирошниченко Марина";
				TargetAttributes = {
					0E012063249185DF001C71FE = {
						CreatedOnToolsVersion = 11.4;
					};
				};
			};
			buildConfigurationList = 0E01205F249185DF001C71FE /* Build configuration list for PBXProject "Eventer" */;
			compatibilityVersion = "Xcode 9.3";
			developmentRegion = en;
			hasScannedForEncodings = 0;
			knownRegions = (
				en,
				Base,
				ru,
			);
			mainGroup = 0E01205B249185DF001C71FE;
			productRefGroup = 0E012065249185DF001C71FE /* Products */;
			projectDirPath = "";
			projectRoot = "";
			targets = (
				0E012063249185DF001C71FE /* Eventer */,
			);
		};
/* End PBXProject section */

/* Begin PBXResourcesBuildPhase section */
		0E012062249185DF001C71FE /* Resources */ = {
			isa = PBXResourcesBuildPhase;
			buildActionMask = 2147483647;
			files = (
				0E8F2F75249D0DD400A72264 /* LaunchScreen.storyboard in Resources */,
				0E2D6C16249D04B000CDB853 /* Assets.xcassets in Resources */,
				0E7F5C9725002A1F00EBC444 /* GoogleService-Info.plist in Resources */,
			);
			runOnlyForDeploymentPostprocessing = 0;
		};
/* End PBXResourcesBuildPhase section */

/* Begin PBXShellScriptBuildPhase section */
		073330DED326549F43C15ADA /* [CP] Embed Pods Frameworks */ = {
			isa = PBXShellScriptBuildPhase;
			buildActionMask = 2147483647;
			files = (
			);
			inputFileListPaths = (
				"${PODS_ROOT}/Target Support Files/Pods-Eventer/Pods-Eventer-frameworks-${CONFIGURATION}-input-files.xcfilelist",
			);
			name = "[CP] Embed Pods Frameworks";
			outputFileListPaths = (
				"${PODS_ROOT}/Target Support Files/Pods-Eventer/Pods-Eventer-frameworks-${CONFIGURATION}-output-files.xcfilelist",
			);
			runOnlyForDeploymentPostprocessing = 0;
			shellPath = /bin/sh;
			shellScript = "\"${PODS_ROOT}/Target Support Files/Pods-Eventer/Pods-Eventer-frameworks.sh\"\n";
			showEnvVarsInLog = 0;
		};
		E6DBE0731D99A2DA990195FE /* [CP] Check Pods Manifest.lock */ = {
			isa = PBXShellScriptBuildPhase;
			buildActionMask = 2147483647;
			files = (
			);
			inputFileListPaths = (
			);
			inputPaths = (
				"${PODS_PODFILE_DIR_PATH}/Podfile.lock",
				"${PODS_ROOT}/Manifest.lock",
			);
			name = "[CP] Check Pods Manifest.lock";
			outputFileListPaths = (
			);
			outputPaths = (
				"$(DERIVED_FILE_DIR)/Pods-Eventer-checkManifestLockResult.txt",
			);
			runOnlyForDeploymentPostprocessing = 0;
			shellPath = /bin/sh;
			shellScript = "diff \"${PODS_PODFILE_DIR_PATH}/Podfile.lock\" \"${PODS_ROOT}/Manifest.lock\" > /dev/null\nif [ $? != 0 ] ; then\n    # print error to STDERR\n    echo \"error: The sandbox is not in sync with the Podfile.lock. Run 'pod install' or update your CocoaPods installation.\" >&2\n    exit 1\nfi\n# This output is used by Xcode 'outputs' to avoid re-running this script phase.\necho \"SUCCESS\" > \"${SCRIPT_OUTPUT_FILE_0}\"\n";
			showEnvVarsInLog = 0;
		};
/* End PBXShellScriptBuildPhase section */

/* Begin PBXSourcesBuildPhase section */
		0E012060249185DF001C71FE /* Sources */ = {
			isa = PBXSourcesBuildPhase;
			buildActionMask = 2147483647;
			files = (
				0E2C5B5D250048D700318F0A /* FeedsSectionHeaderView.swift in Sources */,
				0E2D6C1A249D05D400CDB853 /* MapViewController.swift in Sources */,
				0ED0C4E224C5F11D009681DB /* EventCardView.swift in Sources */,
				0E00FF4424EC75480031B567 /* SearchResultCell.swift in Sources */,
				0E5B508E249EB5FA0062D514 /* Event.swift in Sources */,
				0E8F2F70249D0D9300A72264 /* SceneDelegate.swift in Sources */,
				0EB713DF24C36F700003296E /* FeedsView.swift in Sources */,
				0E2D6C14249D002000CDB853 /* UIColor+.swift in Sources */,
				0EA6A4A324ABCFD500606EC8 /* EventsLoader.swift in Sources */,
				0EC27CDD24CF3EB800088CAB /* VisitorsPreview.swift in Sources */,
				0ED399FF24E1B94000624639 /* Tags.swift in Sources */,
				0E00FF4124EC74C70031B567 /* SearchResultsNotFoundView.swift in Sources */,
				0E8F2F6E249D0D8400A72264 /* AppDelegate.swift in Sources */,
				0E2D6C1C249D05FC00CDB853 /* AddEventViewController.swift in Sources */,
				0ED399FC24E1B8BD00624639 /* EventListCell.swift in Sources */,
				0E8F2F72249D0DA700A72264 /* MainViewController.swift in Sources */,
				0E5B5091249EC08E0062D514 /* CustomDateFormatter.swift in Sources */,
				0E2D6C20249D072900CDB853 /* FavoritesViewController.swift in Sources */,
				0E2D6C1E249D066300CDB853 /* ProfileViewController.swift in Sources */,
				0ED399F824E1B89800624639 /* TagsCell.swift in Sources */,
				DE010FEE8CE25409422F322E /* FeedsViewInput.swift in Sources */,
				0E487CB924FEF4920092D815 /* EventType.swift in Sources */,
				0ED399FD24E1B8BD00624639 /* EventCollectionCell.swift in Sources */,
				07B6216A2437B1210A0DAAEA /* FeedsViewOutput.swift in Sources */,
				A13BD06EC88DEB50A7D322D6 /* FeedsViewController.swift in Sources */,
				0EC27CDF24CF465900088CAB /* Visitors.swift in Sources */,
				5EE9AC605DA527A3785DA793 /* FeedsPresenter.swift in Sources */,
				7DCC9F968BD640565381ECD4 /* FeedsInteractorInput.swift in Sources */,
				7DAEF04ECC81527337C14A6B /* FeedsInteractorOutput.swift in Sources */,
				56A4C8BA3A75F95D4B86AC11 /* FeedsInteractor.swift in Sources */,
				92EDA4079D0721ED25978EFE /* FeedsRouterInput.swift in Sources */,
				0ED0C4E424C5F148009681DB /* DateView.swift in Sources */,
				0E00FF4024EC74C70031B567 /* SearchResultsViewController.swift in Sources */,
				0ED39A0124E1C06500624639 /* TagCollectionCell.swift in Sources */,
				5B7165F582BA46A043551C31 /* FeedsRouter.swift in Sources */,
				34154B5AB952C93E19853ECD /* FeedsAssembly.swift in Sources */,
				0E00FF3F24EC74C70031B567 /* SearchResultsView.swift in Sources */,
				0ED39A0324E1C10E00624639 /* TagView.swift in Sources */,
				6CA6B32C6159D5D23653D89C /* EventDetailsViewInput.swift in Sources */,
				0E2C5B5B25003F9900318F0A /* FeedsRepresentingOutput.swift in Sources */,
				ECEFAF41F05EBEEB974D755A /* EventDetailsViewOutput.swift in Sources */,
				67431E432FDE53CDE1B5559B /* EventDetailsViewController.swift in Sources */,
				D0E4E1C6C3361A78E3B61667 /* EventDetailsPresenter.swift in Sources */,
				DD8B79DD33E5DBA5B3B6F439 /* EventDetailsInteractorInput.swift in Sources */,
				BA35FC568227029EF3EA1F57 /* EventDetailsInteractorOutput.swift in Sources */,
				2317304654CCA60DE0AFBC44 /* EventDetailsInteractor.swift in Sources */,
				13BE20C52E78BBD14DD693A2 /* EventDetailsRouterInput.swift in Sources */,
				8C51C95F39FA8B477F8BF732 /* EventDetailsRouter.swift in Sources */,
				46F66EB9B04732770F0E4925 /* EventDetailsAssembly.swift in Sources */,
			);
			runOnlyForDeploymentPostprocessing = 0;
		};
/* End PBXSourcesBuildPhase section */

/* Begin PBXVariantGroup section */
		0E8F2F73249D0DD400A72264 /* LaunchScreen.storyboard */ = {
			isa = PBXVariantGroup;
			children = (
				0E8F2F74249D0DD400A72264 /* Base */,
				0E9756A9249D51FE0061E63F /* ru */,
			);
			name = LaunchScreen.storyboard;
			sourceTree = "<group>";
		};
/* End PBXVariantGroup section */

/* Begin XCBuildConfiguration section */
		0E012076249185E0001C71FE /* Debug */ = {
			isa = XCBuildConfiguration;
			buildSettings = {
				ALWAYS_SEARCH_USER_PATHS = NO;
				CLANG_ANALYZER_LOCALIZABILITY_NONLOCALIZED = YES;
				CLANG_ANALYZER_NONNULL = YES;
				CLANG_ANALYZER_NUMBER_OBJECT_CONVERSION = YES_AGGRESSIVE;
				CLANG_CXX_LANGUAGE_STANDARD = "gnu++14";
				CLANG_CXX_LIBRARY = "libc++";
				CLANG_ENABLE_MODULES = YES;
				CLANG_ENABLE_OBJC_ARC = YES;
				CLANG_ENABLE_OBJC_WEAK = YES;
				CLANG_WARN_BLOCK_CAPTURE_AUTORELEASING = YES;
				CLANG_WARN_BOOL_CONVERSION = YES;
				CLANG_WARN_COMMA = YES;
				CLANG_WARN_CONSTANT_CONVERSION = YES;
				CLANG_WARN_DEPRECATED_OBJC_IMPLEMENTATIONS = YES;
				CLANG_WARN_DIRECT_OBJC_ISA_USAGE = YES_ERROR;
				CLANG_WARN_DOCUMENTATION_COMMENTS = YES;
				CLANG_WARN_EMPTY_BODY = YES;
				CLANG_WARN_ENUM_CONVERSION = YES;
				CLANG_WARN_INFINITE_RECURSION = YES;
				CLANG_WARN_INT_CONVERSION = YES;
				CLANG_WARN_NON_LITERAL_NULL_CONVERSION = YES;
				CLANG_WARN_OBJC_IMPLICIT_RETAIN_SELF = YES;
				CLANG_WARN_OBJC_LITERAL_CONVERSION = YES;
				CLANG_WARN_OBJC_ROOT_CLASS = YES_ERROR;
				CLANG_WARN_RANGE_LOOP_ANALYSIS = YES;
				CLANG_WARN_STRICT_PROTOTYPES = YES;
				CLANG_WARN_SUSPICIOUS_MOVE = YES;
				CLANG_WARN_UNGUARDED_AVAILABILITY = YES_AGGRESSIVE;
				CLANG_WARN_UNREACHABLE_CODE = YES;
				CLANG_WARN__DUPLICATE_METHOD_MATCH = YES;
				COPY_PHASE_STRIP = NO;
				DEBUG_INFORMATION_FORMAT = dwarf;
				ENABLE_STRICT_OBJC_MSGSEND = YES;
				ENABLE_TESTABILITY = YES;
				GCC_C_LANGUAGE_STANDARD = gnu11;
				GCC_DYNAMIC_NO_PIC = NO;
				GCC_NO_COMMON_BLOCKS = YES;
				GCC_OPTIMIZATION_LEVEL = 0;
				GCC_PREPROCESSOR_DEFINITIONS = (
					"DEBUG=1",
					"$(inherited)",
				);
				GCC_WARN_64_TO_32_BIT_CONVERSION = YES;
				GCC_WARN_ABOUT_RETURN_TYPE = YES_ERROR;
				GCC_WARN_UNDECLARED_SELECTOR = YES;
				GCC_WARN_UNINITIALIZED_AUTOS = YES_AGGRESSIVE;
				GCC_WARN_UNUSED_FUNCTION = YES;
				GCC_WARN_UNUSED_VARIABLE = YES;
				IPHONEOS_DEPLOYMENT_TARGET = 11.0;
				MTL_ENABLE_DEBUG_INFO = INCLUDE_SOURCE;
				MTL_FAST_MATH = YES;
				ONLY_ACTIVE_ARCH = YES;
				SDKROOT = iphoneos;
				SWIFT_ACTIVE_COMPILATION_CONDITIONS = DEBUG;
				SWIFT_OPTIMIZATION_LEVEL = "-Onone";
			};
			name = Debug;
		};
		0E012077249185E0001C71FE /* Release */ = {
			isa = XCBuildConfiguration;
			buildSettings = {
				ALWAYS_SEARCH_USER_PATHS = NO;
				CLANG_ANALYZER_LOCALIZABILITY_NONLOCALIZED = YES;
				CLANG_ANALYZER_NONNULL = YES;
				CLANG_ANALYZER_NUMBER_OBJECT_CONVERSION = YES_AGGRESSIVE;
				CLANG_CXX_LANGUAGE_STANDARD = "gnu++14";
				CLANG_CXX_LIBRARY = "libc++";
				CLANG_ENABLE_MODULES = YES;
				CLANG_ENABLE_OBJC_ARC = YES;
				CLANG_ENABLE_OBJC_WEAK = YES;
				CLANG_WARN_BLOCK_CAPTURE_AUTORELEASING = YES;
				CLANG_WARN_BOOL_CONVERSION = YES;
				CLANG_WARN_COMMA = YES;
				CLANG_WARN_CONSTANT_CONVERSION = YES;
				CLANG_WARN_DEPRECATED_OBJC_IMPLEMENTATIONS = YES;
				CLANG_WARN_DIRECT_OBJC_ISA_USAGE = YES_ERROR;
				CLANG_WARN_DOCUMENTATION_COMMENTS = YES;
				CLANG_WARN_EMPTY_BODY = YES;
				CLANG_WARN_ENUM_CONVERSION = YES;
				CLANG_WARN_INFINITE_RECURSION = YES;
				CLANG_WARN_INT_CONVERSION = YES;
				CLANG_WARN_NON_LITERAL_NULL_CONVERSION = YES;
				CLANG_WARN_OBJC_IMPLICIT_RETAIN_SELF = YES;
				CLANG_WARN_OBJC_LITERAL_CONVERSION = YES;
				CLANG_WARN_OBJC_ROOT_CLASS = YES_ERROR;
				CLANG_WARN_RANGE_LOOP_ANALYSIS = YES;
				CLANG_WARN_STRICT_PROTOTYPES = YES;
				CLANG_WARN_SUSPICIOUS_MOVE = YES;
				CLANG_WARN_UNGUARDED_AVAILABILITY = YES_AGGRESSIVE;
				CLANG_WARN_UNREACHABLE_CODE = YES;
				CLANG_WARN__DUPLICATE_METHOD_MATCH = YES;
				COPY_PHASE_STRIP = NO;
				DEBUG_INFORMATION_FORMAT = "dwarf-with-dsym";
				ENABLE_NS_ASSERTIONS = NO;
				ENABLE_STRICT_OBJC_MSGSEND = YES;
				GCC_C_LANGUAGE_STANDARD = gnu11;
				GCC_NO_COMMON_BLOCKS = YES;
				GCC_WARN_64_TO_32_BIT_CONVERSION = YES;
				GCC_WARN_ABOUT_RETURN_TYPE = YES_ERROR;
				GCC_WARN_UNDECLARED_SELECTOR = YES;
				GCC_WARN_UNINITIALIZED_AUTOS = YES_AGGRESSIVE;
				GCC_WARN_UNUSED_FUNCTION = YES;
				GCC_WARN_UNUSED_VARIABLE = YES;
				IPHONEOS_DEPLOYMENT_TARGET = 11.0;
				MTL_ENABLE_DEBUG_INFO = NO;
				MTL_FAST_MATH = YES;
				SDKROOT = iphoneos;
				SWIFT_COMPILATION_MODE = wholemodule;
				SWIFT_OPTIMIZATION_LEVEL = "-O";
				VALIDATE_PRODUCT = YES;
			};
			name = Release;
		};
		0E012079249185E0001C71FE /* Debug */ = {
			isa = XCBuildConfiguration;
			baseConfigurationReference = 3F5B7DEE4B32CC085ABB4EFE /* Pods-Eventer.debug.xcconfig */;
			buildSettings = {
				ASSETCATALOG_COMPILER_APPICON_NAME = AppIcon;
				CODE_SIGN_STYLE = Automatic;
				DEVELOPMENT_TEAM = ZK4JGKBN2J;
				INFOPLIST_FILE = "$(SRCROOT)/Eventer/Application/Info.plist";
				IPHONEOS_DEPLOYMENT_TARGET = 11.0;
				LD_RUNPATH_SEARCH_PATHS = (
					"$(inherited)",
					"@executable_path/Frameworks",
				);
				PRODUCT_BUNDLE_IDENTIFIER = com.marinmir.Eventer;
				PRODUCT_NAME = "$(TARGET_NAME)";
				SWIFT_VERSION = 5.0;
				TARGETED_DEVICE_FAMILY = "1,2";
			};
			name = Debug;
		};
		0E01207A249185E0001C71FE /* Release */ = {
			isa = XCBuildConfiguration;
			baseConfigurationReference = 8116858B2BE06C1B67737E45 /* Pods-Eventer.release.xcconfig */;
			buildSettings = {
				ASSETCATALOG_COMPILER_APPICON_NAME = AppIcon;
				CODE_SIGN_STYLE = Automatic;
				DEVELOPMENT_TEAM = ZK4JGKBN2J;
				INFOPLIST_FILE = "$(SRCROOT)/Eventer/Application/Info.plist";
				IPHONEOS_DEPLOYMENT_TARGET = 11.0;
				LD_RUNPATH_SEARCH_PATHS = (
					"$(inherited)",
					"@executable_path/Frameworks",
				);
				PRODUCT_BUNDLE_IDENTIFIER = com.marinmir.Eventer;
				PRODUCT_NAME = "$(TARGET_NAME)";
				SWIFT_VERSION = 5.0;
				TARGETED_DEVICE_FAMILY = "1,2";
			};
			name = Release;
		};
/* End XCBuildConfiguration section */

/* Begin XCConfigurationList section */
		0E01205F249185DF001C71FE /* Build configuration list for PBXProject "Eventer" */ = {
			isa = XCConfigurationList;
			buildConfigurations = (
				0E012076249185E0001C71FE /* Debug */,
				0E012077249185E0001C71FE /* Release */,
			);
			defaultConfigurationIsVisible = 0;
			defaultConfigurationName = Release;
		};
		0E012078249185E0001C71FE /* Build configuration list for PBXNativeTarget "Eventer" */ = {
			isa = XCConfigurationList;
			buildConfigurations = (
				0E012079249185E0001C71FE /* Debug */,
				0E01207A249185E0001C71FE /* Release */,
			);
			defaultConfigurationIsVisible = 0;
			defaultConfigurationName = Release;
		};
/* End XCConfigurationList section */
	};
	rootObject = 0E01205C249185DF001C71FE /* Project object */;
}
