// !$*UTF8*$!
{
	archiveVersion = 1;
	classes = {
	};
	objectVersion = 50;
	objects = {

/* Begin PBXBuildFile section */
		0E2D6C14249D002000CDB853 /* Colors.swift in Sources */ = {isa = PBXBuildFile; fileRef = 0E2D6C13249D002000CDB853 /* Colors.swift */; };
		0E2D6C16249D04B000CDB853 /* Assets.xcassets in Resources */ = {isa = PBXBuildFile; fileRef = 0E2D6C15249D04B000CDB853 /* Assets.xcassets */; };
		0E2D6C18249D057000CDB853 /* FeedsViewController.swift in Sources */ = {isa = PBXBuildFile; fileRef = 0E2D6C17249D057000CDB853 /* FeedsViewController.swift */; };
		0E2D6C1A249D05D400CDB853 /* MapViewController.swift in Sources */ = {isa = PBXBuildFile; fileRef = 0E2D6C19249D05D400CDB853 /* MapViewController.swift */; };
		0E2D6C1C249D05FC00CDB853 /* AddEventViewController.swift in Sources */ = {isa = PBXBuildFile; fileRef = 0E2D6C1B249D05FC00CDB853 /* AddEventViewController.swift */; };
		0E2D6C1E249D066300CDB853 /* ProfileViewController.swift in Sources */ = {isa = PBXBuildFile; fileRef = 0E2D6C1D249D066300CDB853 /* ProfileViewController.swift */; };
		0E2D6C20249D072900CDB853 /* FavoritesViewController.swift in Sources */ = {isa = PBXBuildFile; fileRef = 0E2D6C1F249D072900CDB853 /* FavoritesViewController.swift */; };
		0E8F2F6E249D0D8400A72264 /* AppDelegate.swift in Sources */ = {isa = PBXBuildFile; fileRef = 0E8F2F6D249D0D8400A72264 /* AppDelegate.swift */; };
		0E8F2F70249D0D9300A72264 /* SceneDelegate.swift in Sources */ = {isa = PBXBuildFile; fileRef = 0E8F2F6F249D0D9300A72264 /* SceneDelegate.swift */; };
		0E8F2F72249D0DA700A72264 /* MainViewController.swift in Sources */ = {isa = PBXBuildFile; fileRef = 0E8F2F71249D0DA700A72264 /* MainViewController.swift */; };
		0E8F2F75249D0DD400A72264 /* LaunchScreen.storyboard in Resources */ = {isa = PBXBuildFile; fileRef = 0E8F2F73249D0DD400A72264 /* LaunchScreen.storyboard */; };
/* End PBXBuildFile section */

/* Begin PBXFileReference section */
		0E012064249185DF001C71FE /* Eventer.app */ = {isa = PBXFileReference; explicitFileType = wrapper.application; includeInIndex = 0; path = Eventer.app; sourceTree = BUILT_PRODUCTS_DIR; };
		0E2D6C13249D002000CDB853 /* Colors.swift */ = {isa = PBXFileReference; lastKnownFileType = sourcecode.swift; path = Colors.swift; sourceTree = "<group>"; };
		0E2D6C15249D04B000CDB853 /* Assets.xcassets */ = {isa = PBXFileReference; lastKnownFileType = folder.assetcatalog; path = Assets.xcassets; sourceTree = "<group>"; };
		0E2D6C17249D057000CDB853 /* FeedsViewController.swift */ = {isa = PBXFileReference; lastKnownFileType = sourcecode.swift; path = FeedsViewController.swift; sourceTree = "<group>"; };
		0E2D6C19249D05D400CDB853 /* MapViewController.swift */ = {isa = PBXFileReference; lastKnownFileType = sourcecode.swift; path = MapViewController.swift; sourceTree = "<group>"; };
		0E2D6C1B249D05FC00CDB853 /* AddEventViewController.swift */ = {isa = PBXFileReference; lastKnownFileType = sourcecode.swift; path = AddEventViewController.swift; sourceTree = "<group>"; };
		0E2D6C1D249D066300CDB853 /* ProfileViewController.swift */ = {isa = PBXFileReference; lastKnownFileType = sourcecode.swift; path = ProfileViewController.swift; sourceTree = "<group>"; };
		0E2D6C1F249D072900CDB853 /* FavoritesViewController.swift */ = {isa = PBXFileReference; lastKnownFileType = sourcecode.swift; path = FavoritesViewController.swift; sourceTree = "<group>"; };
		0E2D6C23249D0BF200CDB853 /* Info.plist */ = {isa = PBXFileReference; fileEncoding = 4; lastKnownFileType = text.plist.xml; path = Info.plist; sourceTree = "<group>"; };
		0E8F2F6D249D0D8400A72264 /* AppDelegate.swift */ = {isa = PBXFileReference; fileEncoding = 4; lastKnownFileType = sourcecode.swift; path = AppDelegate.swift; sourceTree = "<group>"; };
		0E8F2F6F249D0D9300A72264 /* SceneDelegate.swift */ = {isa = PBXFileReference; fileEncoding = 4; lastKnownFileType = sourcecode.swift; path = SceneDelegate.swift; sourceTree = "<group>"; };
		0E8F2F71249D0DA700A72264 /* MainViewController.swift */ = {isa = PBXFileReference; fileEncoding = 4; lastKnownFileType = sourcecode.swift; path = MainViewController.swift; sourceTree = "<group>"; };
		0E8F2F74249D0DD400A72264 /* Base */ = {isa = PBXFileReference; lastKnownFileType = file.storyboard; name = Base; path = Base.lproj/LaunchScreen.storyboard; sourceTree = "<group>"; };
/* End PBXFileReference section */

/* Begin PBXFrameworksBuildPhase section */
		0E012061249185DF001C71FE /* Frameworks */ = {
			isa = PBXFrameworksBuildPhase;
			buildActionMask = 2147483647;
			files = (
			);
			runOnlyForDeploymentPostprocessing = 0;
		};
/* End PBXFrameworksBuildPhase section */

/* Begin PBXGroup section */
		0E01205B249185DF001C71FE = {
			isa = PBXGroup;
			children = (
				0E012066249185DF001C71FE /* Eventer */,
				0E012065249185DF001C71FE /* Products */,
			);
			sourceTree = "<group>";
		};
		0E012065249185DF001C71FE /* Products */ = {
			isa = PBXGroup;
			children = (
				0E012064249185DF001C71FE /* Eventer.app */,
			);
			name = Products;
			sourceTree = "<group>";
		};
		0E012066249185DF001C71FE /* Eventer */ = {
			isa = PBXGroup;
			children = (
				0E2D6C15249D04B000CDB853 /* Assets.xcassets */,
				0E2D6C10249CFF5C00CDB853 /* PresentationLayer */,
				0E2D6C0F249CFF5100CDB853 /* ModelLayer */,
				0E2D6C0E249CFF0500CDB853 /* Application */,
			);
			path = Eventer;
			sourceTree = "<group>";
		};
		0E2D6C0E249CFF0500CDB853 /* Application */ = {
			isa = PBXGroup;
			children = (
				0E8F2F73249D0DD400A72264 /* LaunchScreen.storyboard */,
				0E8F2F6F249D0D9300A72264 /* SceneDelegate.swift */,
				0E8F2F6D249D0D8400A72264 /* AppDelegate.swift */,
				0E2D6C23249D0BF200CDB853 /* Info.plist */,
			);
			path = Application;
			sourceTree = "<group>";
		};
		0E2D6C0F249CFF5100CDB853 /* ModelLayer */ = {
			isa = PBXGroup;
			children = (
				0E9756A7249D4DB30061E63F /* BusinessLogic */,
				0E9756A8249D4DBB0061E63F /* Entities */,
			);
			path = ModelLayer;
			sourceTree = "<group>";
		};
		0E2D6C10249CFF5C00CDB853 /* PresentationLayer */ = {
			isa = PBXGroup;
			children = (
				0E97569F249D4AFA0061E63F /* UserStories */,
				0E2D6C11249CFF9900CDB853 /* Common */,
			);
			path = PresentationLayer;
			sourceTree = "<group>";
		};
		0E2D6C11249CFF9900CDB853 /* Common */ = {
			isa = PBXGroup;
			children = (
				0E2D6C12249CFFA800CDB853 /* Constants */,
			);
			path = Common;
			sourceTree = "<group>";
		};
		0E2D6C12249CFFA800CDB853 /* Constants */ = {
			isa = PBXGroup;
			children = (
				0E2D6C13249D002000CDB853 /* Colors.swift */,
			);
			path = Constants;
			sourceTree = "<group>";
		};
		0E97569F249D4AFA0061E63F /* UserStories */ = {
			isa = PBXGroup;
			children = (
				0E9756A6249D4C170061E63F /* AddEvent */,
				0E9756A4249D4B3A0061E63F /* Favorites */,
				0E9756A3249D4B300061E63F /* Profile */,
				0E9756A2249D4B270061E63F /* Map */,
				0E9756A1249D4B210061E63F /* Feeds */,
				0E9756A0249D4B190061E63F /* Main */,
			);
			path = UserStories;
			sourceTree = "<group>";
		};
		0E9756A0249D4B190061E63F /* Main */ = {
			isa = PBXGroup;
			children = (
				0E8F2F71249D0DA700A72264 /* MainViewController.swift */,
			);
			path = Main;
			sourceTree = "<group>";
		};
		0E9756A1249D4B210061E63F /* Feeds */ = {
			isa = PBXGroup;
			children = (
				0E2D6C17249D057000CDB853 /* FeedsViewController.swift */,
			);
			path = Feeds;
			sourceTree = "<group>";
		};
		0E9756A2249D4B270061E63F /* Map */ = {
			isa = PBXGroup;
			children = (
				0E2D6C19249D05D400CDB853 /* MapViewController.swift */,
			);
			path = Map;
			sourceTree = "<group>";
		};
		0E9756A3249D4B300061E63F /* Profile */ = {
			isa = PBXGroup;
			children = (
				0E2D6C1D249D066300CDB853 /* ProfileViewController.swift */,
			);
			path = Profile;
			sourceTree = "<group>";
		};
		0E9756A4249D4B3A0061E63F /* Favorites */ = {
			isa = PBXGroup;
			children = (
				0E2D6C1F249D072900CDB853 /* FavoritesViewController.swift */,
			);
			path = Favorites;
			sourceTree = "<group>";
		};
		0E9756A6249D4C170061E63F /* AddEvent */ = {
			isa = PBXGroup;
			children = (
				0E2D6C1B249D05FC00CDB853 /* AddEventViewController.swift */,
			);
			path = AddEvent;
			sourceTree = "<group>";
		};
		0E9756A7249D4DB30061E63F /* BusinessLogic */ = {
			isa = PBXGroup;
			children = (
			);
			path = BusinessLogic;
			sourceTree = "<group>";
		};
		0E9756A8249D4DBB0061E63F /* Entities */ = {
			isa = PBXGroup;
			children = (
			);
			path = Entities;
			sourceTree = "<group>";
		};
/* End PBXGroup section */

/* Begin PBXNativeTarget section */
		0E012063249185DF001C71FE /* Eventer */ = {
			isa = PBXNativeTarget;
			buildConfigurationList = 0E012078249185E0001C71FE /* Build configuration list for PBXNativeTarget "Eventer" */;
			buildPhases = (
				0E012060249185DF001C71FE /* Sources */,
				0E012061249185DF001C71FE /* Frameworks */,
				0E012062249185DF001C71FE /* Resources */,
			);
			buildRules = (
			);
			dependencies = (
			);
			name = Eventer;
			productName = Eventer;
			productReference = 0E012064249185DF001C71FE /* Eventer.app */;
			productType = "com.apple.product-type.application";
		};
/* End PBXNativeTarget section */

/* Begin PBXProject section */
		0E01205C249185DF001C71FE /* Project object */ = {
			isa = PBXProject;
			attributes = {
				LastSwiftUpdateCheck = 1140;
				LastUpgradeCheck = 1140;
				ORGANIZATIONNAME = "Мирошниченко Марина";
				TargetAttributes = {
					0E012063249185DF001C71FE = {
						CreatedOnToolsVersion = 11.4;
					};
				};
			};
			buildConfigurationList = 0E01205F249185DF001C71FE /* Build configuration list for PBXProject "Eventer" */;
			compatibilityVersion = "Xcode 9.3";
			developmentRegion = en;
			hasScannedForEncodings = 0;
			knownRegions = (
				en,
				Base,
			);
			mainGroup = 0E01205B249185DF001C71FE;
			productRefGroup = 0E012065249185DF001C71FE /* Products */;
			projectDirPath = "";
			projectRoot = "";
			targets = (
				0E012063249185DF001C71FE /* Eventer */,
			);
		};
/* End PBXProject section */

/* Begin PBXResourcesBuildPhase section */
		0E012062249185DF001C71FE /* Resources */ = {
			isa = PBXResourcesBuildPhase;
			buildActionMask = 2147483647;
			files = (
				0E8F2F75249D0DD400A72264 /* LaunchScreen.storyboard in Resources */,
				0E2D6C16249D04B000CDB853 /* Assets.xcassets in Resources */,
			);
			runOnlyForDeploymentPostprocessing = 0;
		};
/* End PBXResourcesBuildPhase section */

/* Begin PBXSourcesBuildPhase section */
		0E012060249185DF001C71FE /* Sources */ = {
			isa = PBXSourcesBuildPhase;
			buildActionMask = 2147483647;
			files = (
				0E2D6C1A249D05D400CDB853 /* MapViewController.swift in Sources */,
				0E8F2F70249D0D9300A72264 /* SceneDelegate.swift in Sources */,
				0E2D6C14249D002000CDB853 /* Colors.swift in Sources */,
				0E8F2F6E249D0D8400A72264 /* AppDelegate.swift in Sources */,
				0E2D6C1C249D05FC00CDB853 /* AddEventViewController.swift in Sources */,
				0E2D6C18249D057000CDB853 /* FeedsViewController.swift in Sources */,
				0E8F2F72249D0DA700A72264 /* MainViewController.swift in Sources */,
				0E2D6C20249D072900CDB853 /* FavoritesViewController.swift in Sources */,
				0E2D6C1E249D066300CDB853 /* ProfileViewController.swift in Sources */,
			);
			runOnlyForDeploymentPostprocessing = 0;
		};
/* End PBXSourcesBuildPhase section */

/* Begin PBXVariantGroup section */
		0E8F2F73249D0DD400A72264 /* LaunchScreen.storyboard */ = {
			isa = PBXVariantGroup;
			children = (
				0E8F2F74249D0DD400A72264 /* Base */,
			);
			name = LaunchScreen.storyboard;
			sourceTree = "<group>";
		};
/* End PBXVariantGroup section */

/* Begin XCBuildConfiguration section */
		0E012076249185E0001C71FE /* Debug */ = {
			isa = XCBuildConfiguration;
			buildSettings = {
				ALWAYS_SEARCH_USER_PATHS = NO;
				CLANG_ANALYZER_NONNULL = YES;
				CLANG_ANALYZER_NUMBER_OBJECT_CONVERSION = YES_AGGRESSIVE;
				CLANG_CXX_LANGUAGE_STANDARD = "gnu++14";
				CLANG_CXX_LIBRARY = "libc++";
				CLANG_ENABLE_MODULES = YES;
				CLANG_ENABLE_OBJC_ARC = YES;
				CLANG_ENABLE_OBJC_WEAK = YES;
				CLANG_WARN_BLOCK_CAPTURE_AUTORELEASING = YES;
				CLANG_WARN_BOOL_CONVERSION = YES;
				CLANG_WARN_COMMA = YES;
				CLANG_WARN_CONSTANT_CONVERSION = YES;
				CLANG_WARN_DEPRECATED_OBJC_IMPLEMENTATIONS = YES;
				CLANG_WARN_DIRECT_OBJC_ISA_USAGE = YES_ERROR;
				CLANG_WARN_DOCUMENTATION_COMMENTS = YES;
				CLANG_WARN_EMPTY_BODY = YES;
				CLANG_WARN_ENUM_CONVERSION = YES;
				CLANG_WARN_INFINITE_RECURSION = YES;
				CLANG_WARN_INT_CONVERSION = YES;
				CLANG_WARN_NON_LITERAL_NULL_CONVERSION = YES;
				CLANG_WARN_OBJC_IMPLICIT_RETAIN_SELF = YES;
				CLANG_WARN_OBJC_LITERAL_CONVERSION = YES;
				CLANG_WARN_OBJC_ROOT_CLASS = YES_ERROR;
				CLANG_WARN_RANGE_LOOP_ANALYSIS = YES;
				CLANG_WARN_STRICT_PROTOTYPES = YES;
				CLANG_WARN_SUSPICIOUS_MOVE = YES;
				CLANG_WARN_UNGUARDED_AVAILABILITY = YES_AGGRESSIVE;
				CLANG_WARN_UNREACHABLE_CODE = YES;
				CLANG_WARN__DUPLICATE_METHOD_MATCH = YES;
				COPY_PHASE_STRIP = NO;
				DEBUG_INFORMATION_FORMAT = dwarf;
				ENABLE_STRICT_OBJC_MSGSEND = YES;
				ENABLE_TESTABILITY = YES;
				GCC_C_LANGUAGE_STANDARD = gnu11;
				GCC_DYNAMIC_NO_PIC = NO;
				GCC_NO_COMMON_BLOCKS = YES;
				GCC_OPTIMIZATION_LEVEL = 0;
				GCC_PREPROCESSOR_DEFINITIONS = (
					"DEBUG=1",
					"$(inherited)",
				);
				GCC_WARN_64_TO_32_BIT_CONVERSION = YES;
				GCC_WARN_ABOUT_RETURN_TYPE = YES_ERROR;
				GCC_WARN_UNDECLARED_SELECTOR = YES;
				GCC_WARN_UNINITIALIZED_AUTOS = YES_AGGRESSIVE;
				GCC_WARN_UNUSED_FUNCTION = YES;
				GCC_WARN_UNUSED_VARIABLE = YES;
				IPHONEOS_DEPLOYMENT_TARGET = 10.0;
				MTL_ENABLE_DEBUG_INFO = INCLUDE_SOURCE;
				MTL_FAST_MATH = YES;
				ONLY_ACTIVE_ARCH = YES;
				SDKROOT = iphoneos;
				SWIFT_ACTIVE_COMPILATION_CONDITIONS = DEBUG;
				SWIFT_OPTIMIZATION_LEVEL = "-Onone";
			};
			name = Debug;
		};
		0E012077249185E0001C71FE /* Release */ = {
			isa = XCBuildConfiguration;
			buildSettings = {
				ALWAYS_SEARCH_USER_PATHS = NO;
				CLANG_ANALYZER_NONNULL = YES;
				CLANG_ANALYZER_NUMBER_OBJECT_CONVERSION = YES_AGGRESSIVE;
				CLANG_CXX_LANGUAGE_STANDARD = "gnu++14";
				CLANG_CXX_LIBRARY = "libc++";
				CLANG_ENABLE_MODULES = YES;
				CLANG_ENABLE_OBJC_ARC = YES;
				CLANG_ENABLE_OBJC_WEAK = YES;
				CLANG_WARN_BLOCK_CAPTURE_AUTORELEASING = YES;
				CLANG_WARN_BOOL_CONVERSION = YES;
				CLANG_WARN_COMMA = YES;
				CLANG_WARN_CONSTANT_CONVERSION = YES;
				CLANG_WARN_DEPRECATED_OBJC_IMPLEMENTATIONS = YES;
				CLANG_WARN_DIRECT_OBJC_ISA_USAGE = YES_ERROR;
				CLANG_WARN_DOCUMENTATION_COMMENTS = YES;
				CLANG_WARN_EMPTY_BODY = YES;
				CLANG_WARN_ENUM_CONVERSION = YES;
				CLANG_WARN_INFINITE_RECURSION = YES;
				CLANG_WARN_INT_CONVERSION = YES;
				CLANG_WARN_NON_LITERAL_NULL_CONVERSION = YES;
				CLANG_WARN_OBJC_IMPLICIT_RETAIN_SELF = YES;
				CLANG_WARN_OBJC_LITERAL_CONVERSION = YES;
				CLANG_WARN_OBJC_ROOT_CLASS = YES_ERROR;
				CLANG_WARN_RANGE_LOOP_ANALYSIS = YES;
				CLANG_WARN_STRICT_PROTOTYPES = YES;
				CLANG_WARN_SUSPICIOUS_MOVE = YES;
				CLANG_WARN_UNGUARDED_AVAILABILITY = YES_AGGRESSIVE;
				CLANG_WARN_UNREACHABLE_CODE = YES;
				CLANG_WARN__DUPLICATE_METHOD_MATCH = YES;
				COPY_PHASE_STRIP = NO;
				DEBUG_INFORMATION_FORMAT = "dwarf-with-dsym";
				ENABLE_NS_ASSERTIONS = NO;
				ENABLE_STRICT_OBJC_MSGSEND = YES;
				GCC_C_LANGUAGE_STANDARD = gnu11;
				GCC_NO_COMMON_BLOCKS = YES;
				GCC_WARN_64_TO_32_BIT_CONVERSION = YES;
				GCC_WARN_ABOUT_RETURN_TYPE = YES_ERROR;
				GCC_WARN_UNDECLARED_SELECTOR = YES;
				GCC_WARN_UNINITIALIZED_AUTOS = YES_AGGRESSIVE;
				GCC_WARN_UNUSED_FUNCTION = YES;
				GCC_WARN_UNUSED_VARIABLE = YES;
				IPHONEOS_DEPLOYMENT_TARGET = 10.0;
				MTL_ENABLE_DEBUG_INFO = NO;
				MTL_FAST_MATH = YES;
				SDKROOT = iphoneos;
				SWIFT_COMPILATION_MODE = wholemodule;
				SWIFT_OPTIMIZATION_LEVEL = "-O";
				VALIDATE_PRODUCT = YES;
			};
			name = Release;
		};
		0E012079249185E0001C71FE /* Debug */ = {
			isa = XCBuildConfiguration;
			buildSettings = {
				ASSETCATALOG_COMPILER_APPICON_NAME = AppIcon;
				CODE_SIGN_STYLE = Automatic;
				DEVELOPMENT_TEAM = ZK4JGKBN2J;
				INFOPLIST_FILE = "$(SRCROOT)/Eventer/Application/Info.plist";
				IPHONEOS_DEPLOYMENT_TARGET = 10.0;
				LD_RUNPATH_SEARCH_PATHS = (
					"$(inherited)",
					"@executable_path/Frameworks",
				);
				PRODUCT_BUNDLE_IDENTIFIER = com.marinmir.Eventer;
				PRODUCT_NAME = "$(TARGET_NAME)";
				SWIFT_VERSION = 5.0;
				TARGETED_DEVICE_FAMILY = "1,2";
			};
			name = Debug;
		};
		0E01207A249185E0001C71FE /* Release */ = {
			isa = XCBuildConfiguration;
			buildSettings = {
				ASSETCATALOG_COMPILER_APPICON_NAME = AppIcon;
				CODE_SIGN_STYLE = Automatic;
				DEVELOPMENT_TEAM = ZK4JGKBN2J;
				INFOPLIST_FILE = "$(SRCROOT)/Eventer/Application/Info.plist";
				IPHONEOS_DEPLOYMENT_TARGET = 10.0;
				LD_RUNPATH_SEARCH_PATHS = (
					"$(inherited)",
					"@executable_path/Frameworks",
				);
				PRODUCT_BUNDLE_IDENTIFIER = com.marinmir.Eventer;
				PRODUCT_NAME = "$(TARGET_NAME)";
				SWIFT_VERSION = 5.0;
				TARGETED_DEVICE_FAMILY = "1,2";
			};
			name = Release;
		};
/* End XCBuildConfiguration section */

/* Begin XCConfigurationList section */
		0E01205F249185DF001C71FE /* Build configuration list for PBXProject "Eventer" */ = {
			isa = XCConfigurationList;
			buildConfigurations = (
				0E012076249185E0001C71FE /* Debug */,
				0E012077249185E0001C71FE /* Release */,
			);
			defaultConfigurationIsVisible = 0;
			defaultConfigurationName = Release;
		};
		0E012078249185E0001C71FE /* Build configuration list for PBXNativeTarget "Eventer" */ = {
			isa = XCConfigurationList;
			buildConfigurations = (
				0E012079249185E0001C71FE /* Debug */,
				0E01207A249185E0001C71FE /* Release */,
			);
			defaultConfigurationIsVisible = 0;
			defaultConfigurationName = Release;
		};
/* End XCConfigurationList section */
	};
	rootObject = 0E01205C249185DF001C71FE /* Project object */;
}
